PODS:
  - CocoaLumberjack (2.2.0):
    - CocoaLumberjack/Default (= 2.2.0)
    - CocoaLumberjack/Extensions (= 2.2.0)
  - CocoaLumberjack/Core (2.2.0)
  - CocoaLumberjack/Default (2.2.0):
    - CocoaLumberjack/Core
  - CocoaLumberjack/Extensions (2.2.0):
    - CocoaLumberjack/Default
  - RamblerTyphoonUtils/AssemblyCollector (1.5.0)
  - Typhoon (3.4.5):
    - Typhoon/no-arc (= 3.4.5)
  - Typhoon/no-arc (3.4.5)
  - ViperMcFlurry (1.5.2)

DEPENDENCIES:
  - CocoaLumberjack
  - RamblerTyphoonUtils/AssemblyCollector (= 1.5.0)
  - Typhoon (~> 3.4.5)
  - ViperMcFlurry (~> 1.5.2)

SPEC CHECKSUMS:
  CocoaLumberjack: 17fe8581f84914d5d7e6360f7c70022b173c3ae0
  RamblerTyphoonUtils: 08a6b5592e045a490cd4550aa9ea4a581308d482
  Typhoon: 200100687af3233ec5ed019064df3c9ffe350475
  ViperMcFlurry: 701bc3ad8d188b1f1e157ec0ddf4e77184de88b5

PODFILE CHECKSUM: a037c24b58270233ec840fb5fc395b3283096f92

COCOAPODS: 1.1.1
